
Microsoft Visual Studio Solution File, Format Version 12.00
# Visual Studio Version 17
VisualStudioVersion = 17.11.35208.52
MinimumVisualStudioVersion = 10.0.40219.1
Project("{FAE04EC0-301F-11D3-BF4B-00C04F79EFBC}") = "UVVFintech", "UVVFintech.csproj", "{0144EB85-33BC-4F1A-B39C-9D7EAC34CA64}"
EndProject
Global
	GlobalSection(SolutionConfigurationPlatforms) = preSolution
		Debug|Any CPU = Debug|Any CPU
		Release|Any CPU = Release|Any CPU
	EndGlobalSection
	GlobalSection(ProjectConfigurationPlatforms) = postSolution
		{0144EB85-33BC-4F1A-B39C-9D7EAC34CA64}.Debug|Any CPU.ActiveCfg = Debug|Any CPU
		{0144EB85-33BC-4F1A-B39C-9D7EAC34CA64}.Debug|Any CPU.Build.0 = Debug|Any CPU
		{0144EB85-33BC-4F1A-B39C-9D7EAC34CA64}.Release|Any CPU.ActiveCfg = Release|Any CPU
		{0144EB85-33BC-4F1A-B39C-9D7EAC34CA64}.Release|Any CPU.Build.0 = Release|Any CPU
	EndGlobalSection
	GlobalSection(SolutionProperties) = preSolution
		HideSolutionNode = FALSE
	EndGlobalSection
	GlobalSection(ExtensibilityGlobals) = postSolution
		SolutionGuid = {E49BF52B-AF93-46CA-B2CD-32A4C8DC4919}
	EndGlobalSection
EndGlobal
